
Microsoft Visual Studio Solution File, Format Version 12.00
# Visual Studio Version 17
VisualStudioVersion = 17.0.32126.317
MinimumVisualStudioVersion = 10.0.40219.1
Project("{9A19103F-16F7-4668-BE54-9A1E7A4F7556}") = "BatchPayment", "BatchPayment\BatchPayment.csproj", "{2433B2D3-4EAE-4BD7-9BD8-F56792979EFA}"
EndProject
Project("{9A19103F-16F7-4668-BE54-9A1E7A4F7556}") = "Bank", "Bank\Bank.csproj", "{38A912B0-6745-4F57-BAC7-36192B1A4089}"
EndProject
Project("{9A19103F-16F7-4668-BE54-9A1E7A4F7556}") = "Entities", "Entities\Entities.csproj", "{A6E977A9-53F5-4B11-A2B9-6C7780E130F7}"
EndProject
Global
	GlobalSection(SolutionConfigurationPlatforms) = preSolution
		Debug|Any CPU = Debug|Any CPU
		Release|Any CPU = Release|Any CPU
	EndGlobalSection
	GlobalSection(ProjectConfigurationPlatforms) = postSolution
		{2433B2D3-4EAE-4BD7-9BD8-F56792979EFA}.Debug|Any CPU.ActiveCfg = Debug|Any CPU
		{2433B2D3-4EAE-4BD7-9BD8-F56792979EFA}.Debug|Any CPU.Build.0 = Debug|Any CPU
		{2433B2D3-4EAE-4BD7-9BD8-F56792979EFA}.Release|Any CPU.ActiveCfg = Release|Any CPU
		{2433B2D3-4EAE-4BD7-9BD8-F56792979EFA}.Release|Any CPU.Build.0 = Release|Any CPU
		{38A912B0-6745-4F57-BAC7-36192B1A4089}.Debug|Any CPU.ActiveCfg = Debug|Any CPU
		{38A912B0-6745-4F57-BAC7-36192B1A4089}.Debug|Any CPU.Build.0 = Debug|Any CPU
		{38A912B0-6745-4F57-BAC7-36192B1A4089}.Release|Any CPU.ActiveCfg = Release|Any CPU
		{38A912B0-6745-4F57-BAC7-36192B1A4089}.Release|Any CPU.Build.0 = Release|Any CPU
		{A6E977A9-53F5-4B11-A2B9-6C7780E130F7}.Debug|Any CPU.ActiveCfg = Debug|Any CPU
		{A6E977A9-53F5-4B11-A2B9-6C7780E130F7}.Debug|Any CPU.Build.0 = Debug|Any CPU
		{A6E977A9-53F5-4B11-A2B9-6C7780E130F7}.Release|Any CPU.ActiveCfg = Release|Any CPU
		{A6E977A9-53F5-4B11-A2B9-6C7780E130F7}.Release|Any CPU.Build.0 = Release|Any CPU
	EndGlobalSection
	GlobalSection(SolutionProperties) = preSolution
		HideSolutionNode = FALSE
	EndGlobalSection
	GlobalSection(ExtensibilityGlobals) = postSolution
		SolutionGuid = {EABBA144-46BB-465C-9422-C370B98B54DC}
	EndGlobalSection
EndGlobal
